Microsoft Visual Studio Solution File, Format Version 9.00
# Visual Studio 2005
Project("{FAE04EC0-301F-11D3-BF4B-00C04F79EFBC}") = "MagicLibrary", "MagicLibrary.csproj", "{92F94EA0-9910-4895-B8A1-FED1543A9DA1}"
EndProject
Global
	GlobalSection(SolutionConfigurationPlatforms) = preSolution
		Debug|Default = Debug|Default
		Release|Default = Release|Default
		Description = The User Interface Library for .NET
	EndGlobalSection
	GlobalSection(ProjectConfigurationPlatforms) = postSolution
		{92F94EA0-9910-4895-B8A1-FED1543A9DA1}.Debug|Default.ActiveCfg = Debug|Any CPU
		{92F94EA0-9910-4895-B8A1-FED1543A9DA1}.Debug|Default.Build.0 = Debug|Any CPU
		{92F94EA0-9910-4895-B8A1-FED1543A9DA1}.Release|Default.ActiveCfg = Release|Any CPU
		{92F94EA0-9910-4895-B8A1-FED1543A9DA1}.Release|Default.Build.0 = Release|Any CPU
	EndGlobalSection
	GlobalSection(SolutionProperties) = preSolution
		HideSolutionNode = FALSE
	EndGlobalSection
EndGlobal
